<?xml version="1.0" encoding="utf-8"?>
<Project ToolsVersion="4.0" xmlns="http://schemas.microsoft.com/developer/msbuild/2003">
  <ItemGroup>
    <Filter Include="소스 파일">
      <UniqueIdentifier>{4FC737F1-C7A5-4376-A066-2A32D752A2FF}</UniqueIdentifier>
      <Extensions>cpp;c;cc;cxx;c++;cppm;ixx;def;odl;idl;hpj;bat;asm;asmx</Extensions>
    </Filter>
    <Filter Include="헤더 파일">
      <UniqueIdentifier>{93995380-89BD-4b04-88EB-625FBE52EBFB}</UniqueIdentifier>
      <Extensions>h;hh;hpp;hxx;h++;hm;inl;inc;ipp;xsd</Extensions>
    </Filter>
    <Filter Include="리소스 파일">
      <UniqueIdentifier>{67DA6AB6-F800-4c08-8B7A-83BB121AAD01}</UniqueIdentifier>
      <Extensions>rc;ico;cur;bmp;dlg;rc2;rct;bin;rgs;gif;jpg;jpeg;jpe;resx;tiff;tif;png;wav;mfcribbon-ms</Extensions>
    </Filter>
    <Filter Include="헤더 파일\party">
      <UniqueIdentifier>{9690fd59-acd7-4bbe-b19d-1b95d503546f}</UniqueIdentifier>
    </Filter>
    <Filter Include="헤더 파일\User">
      <UniqueIdentifier>{f18a8609-82b1-4889-8223-5f6fc6dec4bc}</UniqueIdentifier>
    </Filter>
    <Filter Include="헤더 파일\Packet">
      <UniqueIdentifier>{671f05d8-9dec-456a-9916-d9dc86e42e30}</UniqueIdentifier>
    </Filter>
    <Filter Include="헤더 파일\Network">
      <UniqueIdentifier>{50b32533-23bb-4d4b-98fb-47c794eb4baf}</UniqueIdentifier>
    </Filter>
    <Filter Include="헤더 파일\Client">
      <UniqueIdentifier>{d117fb58-f03c-4032-9174-c660d8daf5ef}</UniqueIdentifier>
    </Filter>
  </ItemGroup>
  <ItemGroup>
    <ClCompile Include="PacketManager.cpp">
      <Filter>소스 파일</Filter>
    </ClCompile>
    <ClCompile Include="main.cpp">
      <Filter>소스 파일</Filter>
    </ClCompile>
    <ClCompile Include="..\practice_client\main.cpp">
      <Filter>헤더 파일\Client</Filter>
    </ClCompile>
    <ClCompile Include="..\practice_client\소스.cpp">
      <Filter>헤더 파일\Client</Filter>
    </ClCompile>
  </ItemGroup>
  <ItemGroup>
    <ClInclude Include="Define.h">
      <Filter>헤더 파일</Filter>
    </ClInclude>
    <ClInclude Include="MySQLManager.h">
      <Filter>헤더 파일</Filter>
    </ClInclude>
    <ClInclude Include="ErrorCode.h">
      <Filter>헤더 파일</Filter>
    </ClInclude>
    <ClInclude Include="Party.h">
      <Filter>헤더 파일\party</Filter>
    </ClInclude>
    <ClInclude Include="PartyManager.h">
      <Filter>헤더 파일\party</Filter>
    </ClInclude>
    <ClInclude Include="UserManager.h">
      <Filter>헤더 파일\User</Filter>
    </ClInclude>
    <ClInclude Include="User.h">
      <Filter>헤더 파일\User</Filter>
    </ClInclude>
    <ClInclude Include="Packet.h">
      <Filter>헤더 파일\Packet</Filter>
    </ClInclude>
    <ClInclude Include="PacketManager.h">
      <Filter>헤더 파일\Packet</Filter>
    </ClInclude>
    <ClInclude Include="QuokkaServer.h">
      <Filter>헤더 파일\Network</Filter>
    </ClInclude>
    <ClInclude Include="UserInfo.h">
      <Filter>헤더 파일\Network</Filter>
    </ClInclude>
    <ClInclude Include="..\practice_client\Define.h">
      <Filter>헤더 파일\Client</Filter>
    </ClInclude>
    <ClInclude Include="..\practice_client\Friends.h">
      <Filter>헤더 파일\Client</Filter>
    </ClInclude>
    <ClInclude Include="..\practice_client\Packet.h">
      <Filter>헤더 파일\Client</Filter>
    </ClInclude>
    <ClInclude Include="..\practice_client\PacketManager.h">
      <Filter>헤더 파일\Client</Filter>
    </ClInclude>
  </ItemGroup>
</Project>